// !$*UTF8*$!
{
	archiveVersion = 1;
	classes = {
	};
	objectVersion = 55;
	objects = {

/* Begin PBXBuildFile section */
		8737C828282660AA0022F154 /* AppDelegate.swift in Sources */ = {isa = PBXBuildFile; fileRef = 8737C827282660AA0022F154 /* AppDelegate.swift */; };
		8737C82A282660AA0022F154 /* SceneDelegate.swift in Sources */ = {isa = PBXBuildFile; fileRef = 8737C829282660AA0022F154 /* SceneDelegate.swift */; };
		8737C82C282660AA0022F154 /* ViewController.swift in Sources */ = {isa = PBXBuildFile; fileRef = 8737C82B282660AA0022F154 /* ViewController.swift */; };
		8737C82F282660AA0022F154 /* Main.storyboard in Resources */ = {isa = PBXBuildFile; fileRef = 8737C82D282660AA0022F154 /* Main.storyboard */; };
		8737C831282660AC0022F154 /* Assets.xcassets in Resources */ = {isa = PBXBuildFile; fileRef = 8737C830282660AC0022F154 /* Assets.xcassets */; };
		8737C834282660AC0022F154 /* LaunchScreen.storyboard in Resources */ = {isa = PBXBuildFile; fileRef = 8737C832282660AC0022F154 /* LaunchScreen.storyboard */; };
		8737C83F282660AC0022F154 /* stepCountTests.swift in Sources */ = {isa = PBXBuildFile; fileRef = 8737C83E282660AC0022F154 /* stepCountTests.swift */; };
		8737C849282660AC0022F154 /* stepCountUITests.swift in Sources */ = {isa = PBXBuildFile; fileRef = 8737C848282660AC0022F154 /* stepCountUITests.swift */; };
		8737C84B282660AC0022F154 /* stepCountUITestsLaunchTests.swift in Sources */ = {isa = PBXBuildFile; fileRef = 8737C84A282660AC0022F154 /* stepCountUITestsLaunchTests.swift */; };
/* End PBXBuildFile section */

/* Begin PBXContainerItemProxy section */
		8737C83B282660AC0022F154 /* PBXContainerItemProxy */ = {
			isa = PBXContainerItemProxy;
			containerPortal = 8737C81C282660AA0022F154 /* Project object */;
			proxyType = 1;
			remoteGlobalIDString = 8737C823282660AA0022F154;
			remoteInfo = stepCount;
		};
		8737C845282660AC0022F154 /* PBXContainerItemProxy */ = {
			isa = PBXContainerItemProxy;
			containerPortal = 8737C81C282660AA0022F154 /* Project object */;
			proxyType = 1;
			remoteGlobalIDString = 8737C823282660AA0022F154;
			remoteInfo = stepCount;
		};
/* End PBXContainerItemProxy section */

/* Begin PBXFileReference section */
		8737C824282660AA0022F154 /* stepCount.app */ = {isa = PBXFileReference; explicitFileType = wrapper.application; includeInIndex = 0; path = stepCount.app; sourceTree = BUILT_PRODUCTS_DIR; };
		8737C827282660AA0022F154 /* AppDelegate.swift */ = {isa = PBXFileReference; lastKnownFileType = sourcecode.swift; path = AppDelegate.swift; sourceTree = "<group>"; };
		8737C829282660AA0022F154 /* SceneDelegate.swift */ = {isa = PBXFileReference; lastKnownFileType = sourcecode.swift; path = SceneDelegate.swift; sourceTree = "<group>"; };
		8737C82B282660AA0022F154 /* ViewController.swift */ = {isa = PBXFileReference; lastKnownFileType = sourcecode.swift; path = ViewController.swift; sourceTree = "<group>"; };
		8737C82E282660AA0022F154 /* Base */ = {isa = PBXFileReference; lastKnownFileType = file.storyboard; name = Base; path = Base.lproj/Main.storyboard; sourceTree = "<group>"; };
		8737C830282660AC0022F154 /* Assets.xcassets */ = {isa = PBXFileReference; lastKnownFileType = folder.assetcatalog; path = Assets.xcassets; sourceTree = "<group>"; };
		8737C833282660AC0022F154 /* Base */ = {isa = PBXFileReference; lastKnownFileType = file.storyboard; name = Base; path = Base.lproj/LaunchScreen.storyboard; sourceTree = "<group>"; };
		8737C835282660AC0022F154 /* Info.plist */ = {isa = PBXFileReference; lastKnownFileType = text.plist.xml; path = Info.plist; sourceTree = "<group>"; };
		8737C83A282660AC0022F154 /* stepCountTests.xctest */ = {isa = PBXFileReference; explicitFileType = wrapper.cfbundle; includeInIndex = 0; path = stepCountTests.xctest; sourceTree = BUILT_PRODUCTS_DIR; };
		8737C83E282660AC0022F154 /* stepCountTests.swift */ = {isa = PBXFileReference; lastKnownFileType = sourcecode.swift; path = stepCountTests.swift; sourceTree = "<group>"; };
		8737C844282660AC0022F154 /* stepCountUITests.xctest */ = {isa = PBXFileReference; explicitFileType = wrapper.cfbundle; includeInIndex = 0; path = stepCountUITests.xctest; sourceTree = BUILT_PRODUCTS_DIR; };
		8737C848282660AC0022F154 /* stepCountUITests.swift */ = {isa = PBXFileReference; lastKnownFileType = sourcecode.swift; path = stepCountUITests.swift; sourceTree = "<group>"; };
		8737C84A282660AC0022F154 /* stepCountUITestsLaunchTests.swift */ = {isa = PBXFileReference; lastKnownFileType = sourcecode.swift; path = stepCountUITestsLaunchTests.swift; sourceTree = "<group>"; };
/* End PBXFileReference section */

/* Begin PBXFrameworksBuildPhase section */
		8737C821282660AA0022F154 /* Frameworks */ = {
			isa = PBXFrameworksBuildPhase;
			buildActionMask = 2147483647;
			files = (
			);
			runOnlyForDeploymentPostprocessing = 0;
		};
		8737C837282660AC0022F154 /* Frameworks */ = {
			isa = PBXFrameworksBuildPhase;
			buildActionMask = 2147483647;
			files = (
			);
			runOnlyForDeploymentPostprocessing = 0;
		};
		8737C841282660AC0022F154 /* Frameworks */ = {
			isa = PBXFrameworksBuildPhase;
			buildActionMask = 2147483647;
			files = (
			);
			runOnlyForDeploymentPostprocessing = 0;
		};
/* End PBXFrameworksBuildPhase section */

/* Begin PBXGroup section */
		8737C81B282660AA0022F154 = {
			isa = PBXGroup;
			children = (
				8737C826282660AA0022F154 /* stepCount */,
				8737C83D282660AC0022F154 /* stepCountTests */,
				8737C847282660AC0022F154 /* stepCountUITests */,
				8737C825282660AA0022F154 /* Products */,
			);
			sourceTree = "<group>";
		};
		8737C825282660AA0022F154 /* Products */ = {
			isa = PBXGroup;
			children = (
				8737C824282660AA0022F154 /* stepCount.app */,
				8737C83A282660AC0022F154 /* stepCountTests.xctest */,
				8737C844282660AC0022F154 /* stepCountUITests.xctest */,
			);
			name = Products;
			sourceTree = "<group>";
		};
		8737C826282660AA0022F154 /* stepCount */ = {
			isa = PBXGroup;
			children = (
				8737C827282660AA0022F154 /* AppDelegate.swift */,
				8737C829282660AA0022F154 /* SceneDelegate.swift */,
				8737C82B282660AA0022F154 /* ViewController.swift */,
				8737C82D282660AA0022F154 /* Main.storyboard */,
				8737C830282660AC0022F154 /* Assets.xcassets */,
				8737C832282660AC0022F154 /* LaunchScreen.storyboard */,
				8737C835282660AC0022F154 /* Info.plist */,
			);
			path = stepCount;
			sourceTree = "<group>";
		};
		8737C83D282660AC0022F154 /* stepCountTests */ = {
			isa = PBXGroup;
			children = (
				8737C83E282660AC0022F154 /* stepCountTests.swift */,
			);
			path = stepCountTests;
			sourceTree = "<group>";
		};
		8737C847282660AC0022F154 /* stepCountUITests */ = {
			isa = PBXGroup;
			children = (
				8737C848282660AC0022F154 /* stepCountUITests.swift */,
				8737C84A282660AC0022F154 /* stepCountUITestsLaunchTests.swift */,
			);
			path = stepCountUITests;
			sourceTree = "<group>";
		};
/* End PBXGroup section */

/* Begin PBXNativeTarget section */
		8737C823282660AA0022F154 /* stepCount */ = {
			isa = PBXNativeTarget;
			buildConfigurationList = 8737C84E282660AC0022F154 /* Build configuration list for PBXNativeTarget "stepCount" */;
			buildPhases = (
				8737C820282660AA0022F154 /* Sources */,
				8737C821282660AA0022F154 /* Frameworks */,
				8737C822282660AA0022F154 /* Resources */,
			);
			buildRules = (
			);
			dependencies = (
			);
			name = stepCount;
			productName = stepCount;
			productReference = 8737C824282660AA0022F154 /* stepCount.app */;
			productType = "com.apple.product-type.application";
		};
		8737C839282660AC0022F154 /* stepCountTests */ = {
			isa = PBXNativeTarget;
			buildConfigurationList = 8737C851282660AC0022F154 /* Build configuration list for PBXNativeTarget "stepCountTests" */;
			buildPhases = (
				8737C836282660AC0022F154 /* Sources */,
				8737C837282660AC0022F154 /* Frameworks */,
				8737C838282660AC0022F154 /* Resources */,
			);
			buildRules = (
			);
			dependencies = (
				8737C83C282660AC0022F154 /* PBXTargetDependency */,
			);
			name = stepCountTests;
			productName = stepCountTests;
			productReference = 8737C83A282660AC0022F154 /* stepCountTests.xctest */;
			productType = "com.apple.product-type.bundle.unit-test";
		};
		8737C843282660AC0022F154 /* stepCountUITests */ = {
			isa = PBXNativeTarget;
			buildConfigurationList = 8737C854282660AC0022F154 /* Build configuration list for PBXNativeTarget "stepCountUITests" */;
			buildPhases = (
				8737C840282660AC0022F154 /* Sources */,
				8737C841282660AC0022F154 /* Frameworks */,
				8737C842282660AC0022F154 /* Resources */,
			);
			buildRules = (
			);
			dependencies = (
				8737C846282660AC0022F154 /* PBXTargetDependency */,
			);
			name = stepCountUITests;
			productName = stepCountUITests;
			productReference = 8737C844282660AC0022F154 /* stepCountUITests.xctest */;
			productType = "com.apple.product-type.bundle.ui-testing";
		};
/* End PBXNativeTarget section */

/* Begin PBXProject section */
		8737C81C282660AA0022F154 /* Project object */ = {
			isa = PBXProject;
			attributes = {
				BuildIndependentTargetsInParallel = 1;
				LastSwiftUpdateCheck = 1330;
				LastUpgradeCheck = 1330;
				TargetAttributes = {
					8737C823282660AA0022F154 = {
						CreatedOnToolsVersion = 13.3.1;
					};
					8737C839282660AC0022F154 = {
						CreatedOnToolsVersion = 13.3.1;
						TestTargetID = 8737C823282660AA0022F154;
					};
					8737C843282660AC0022F154 = {
						CreatedOnToolsVersion = 13.3.1;
						TestTargetID = 8737C823282660AA0022F154;
					};
				};
			};
			buildConfigurationList = 8737C81F282660AA0022F154 /* Build configuration list for PBXProject "stepCount" */;
			compatibilityVersion = "Xcode 13.0";
			developmentRegion = en;
			hasScannedForEncodings = 0;
			knownRegions = (
				en,
				Base,
			);
			mainGroup = 8737C81B282660AA0022F154;
			productRefGroup = 8737C825282660AA0022F154 /* Products */;
			projectDirPath = "";
			projectRoot = "";
			targets = (
				8737C823282660AA0022F154 /* stepCount */,
				8737C839282660AC0022F154 /* stepCountTests */,
				8737C843282660AC0022F154 /* stepCountUITests */,
			);
		};
/* End PBXProject section */

/* Begin PBXResourcesBuildPhase section */
		8737C822282660AA0022F154 /* Resources */ = {
			isa = PBXResourcesBuildPhase;
			buildActionMask = 2147483647;
			files = (
				8737C834282660AC0022F154 /* LaunchScreen.storyboard in Resources */,
				8737C831282660AC0022F154 /* Assets.xcassets in Resources */,
				8737C82F282660AA0022F154 /* Main.storyboard in Resources */,
			);
			runOnlyForDeploymentPostprocessing = 0;
		};
		8737C838282660AC0022F154 /* Resources */ = {
			isa = PBXResourcesBuildPhase;
			buildActionMask = 2147483647;
			files = (
			);
			runOnlyForDeploymentPostprocessing = 0;
		};
		8737C842282660AC0022F154 /* Resources */ = {
			isa = PBXResourcesBuildPhase;
			buildActionMask = 2147483647;
			files = (
			);
			runOnlyForDeploymentPostprocessing = 0;
		};
/* End PBXResourcesBuildPhase section */

/* Begin PBXSourcesBuildPhase section */
		8737C820282660AA0022F154 /* Sources */ = {
			isa = PBXSourcesBuildPhase;
			buildActionMask = 2147483647;
			files = (
				8737C82C282660AA0022F154 /* ViewController.swift in Sources */,
				8737C828282660AA0022F154 /* AppDelegate.swift in Sources */,
				8737C82A282660AA0022F154 /* SceneDelegate.swift in Sources */,
			);
			runOnlyForDeploymentPostprocessing = 0;
		};
		8737C836282660AC0022F154 /* Sources */ = {
			isa = PBXSourcesBuildPhase;
			buildActionMask = 2147483647;
			files = (
				8737C83F282660AC0022F154 /* stepCountTests.swift in Sources */,
			);
			runOnlyForDeploymentPostprocessing = 0;
		};
		8737C840282660AC0022F154 /* Sources */ = {
			isa = PBXSourcesBuildPhase;
			buildActionMask = 2147483647;
			files = (
				8737C84B282660AC0022F154 /* stepCountUITestsLaunchTests.swift in Sources */,
				8737C849282660AC0022F154 /* stepCountUITests.swift in Sources */,
			);
			runOnlyForDeploymentPostprocessing = 0;
		};
/* End PBXSourcesBuildPhase section */

/* Begin PBXTargetDependency section */
		8737C83C282660AC0022F154 /* PBXTargetDependency */ = {
			isa = PBXTargetDependency;
			target = 8737C823282660AA0022F154 /* stepCount */;
			targetProxy = 8737C83B282660AC0022F154 /* PBXContainerItemProxy */;
		};
		8737C846282660AC0022F154 /* PBXTargetDependency */ = {
			isa = PBXTargetDependency;
			target = 8737C823282660AA0022F154 /* stepCount */;
			targetProxy = 8737C845282660AC0022F154 /* PBXContainerItemProxy */;
		};
/* End PBXTargetDependency section */

/* Begin PBXVariantGroup section */
		8737C82D282660AA0022F154 /* Main.storyboard */ = {
			isa = PBXVariantGroup;
			children = (
				8737C82E282660AA0022F154 /* Base */,
			);
			name = Main.storyboard;
			sourceTree = "<group>";
		};
		8737C832282660AC0022F154 /* LaunchScreen.storyboard */ = {
			isa = PBXVariantGroup;
			children = (
				8737C833282660AC0022F154 /* Base */,
			);
			name = LaunchScreen.storyboard;
			sourceTree = "<group>";
		};
/* End PBXVariantGroup section */

/* Begin XCBuildConfiguration section */
		8737C84C282660AC0022F154 /* Debug */ = {
			isa = XCBuildConfiguration;
			buildSettings = {
				ALWAYS_SEARCH_USER_PATHS = NO;
				CLANG_ANALYZER_NONNULL = YES;
				CLANG_ANALYZER_NUMBER_OBJECT_CONVERSION = YES_AGGRESSIVE;
				CLANG_CXX_LANGUAGE_STANDARD = "gnu++17";
				CLANG_ENABLE_MODULES = YES;
				CLANG_ENABLE_OBJC_ARC = YES;
				CLANG_ENABLE_OBJC_WEAK = YES;
				CLANG_WARN_BLOCK_CAPTURE_AUTORELEASING = YES;
				CLANG_WARN_BOOL_CONVERSION = YES;
				CLANG_WARN_COMMA = YES;
				CLANG_WARN_CONSTANT_CONVERSION = YES;
				CLANG_WARN_DEPRECATED_OBJC_IMPLEMENTATIONS = YES;
				CLANG_WARN_DIRECT_OBJC_ISA_USAGE = YES_ERROR;
				CLANG_WARN_DOCUMENTATION_COMMENTS = YES;
				CLANG_WARN_EMPTY_BODY = YES;
				CLANG_WARN_ENUM_CONVERSION = YES;
				CLANG_WARN_INFINITE_RECURSION = YES;
				CLANG_WARN_INT_CONVERSION = YES;
				CLANG_WARN_NON_LITERAL_NULL_CONVERSION = YES;
				CLANG_WARN_OBJC_IMPLICIT_RETAIN_SELF = YES;
				CLANG_WARN_OBJC_LITERAL_CONVERSION = YES;
				CLANG_WARN_OBJC_ROOT_CLASS = YES_ERROR;
				CLANG_WARN_QUOTED_INCLUDE_IN_FRAMEWORK_HEADER = YES;
				CLANG_WARN_RANGE_LOOP_ANALYSIS = YES;
				CLANG_WARN_STRICT_PROTOTYPES = YES;
				CLANG_WARN_SUSPICIOUS_MOVE = YES;
				CLANG_WARN_UNGUARDED_AVAILABILITY = YES_AGGRESSIVE;
				CLANG_WARN_UNREACHABLE_CODE = YES;
				CLANG_WARN__DUPLICATE_METHOD_MATCH = YES;
				COPY_PHASE_STRIP = NO;
				DEBUG_INFORMATION_FORMAT = dwarf;
				ENABLE_STRICT_OBJC_MSGSEND = YES;
				ENABLE_TESTABILITY = YES;
				GCC_C_LANGUAGE_STANDARD = gnu11;
				GCC_DYNAMIC_NO_PIC = NO;
				GCC_NO_COMMON_BLOCKS = YES;
				GCC_OPTIMIZATION_LEVEL = 0;
				GCC_PREPROCESSOR_DEFINITIONS = (
					"DEBUG=1",
					"$(inherited)",
				);
				GCC_WARN_64_TO_32_BIT_CONVERSION = YES;
				GCC_WARN_ABOUT_RETURN_TYPE = YES_ERROR;
				GCC_WARN_UNDECLARED_SELECTOR = YES;
				GCC_WARN_UNINITIALIZED_AUTOS = YES_AGGRESSIVE;
				GCC_WARN_UNUSED_FUNCTION = YES;
				GCC_WARN_UNUSED_VARIABLE = YES;
				IPHONEOS_DEPLOYMENT_TARGET = 15.4;
				MTL_ENABLE_DEBUG_INFO = INCLUDE_SOURCE;
				MTL_FAST_MATH = YES;
				ONLY_ACTIVE_ARCH = YES;
				SDKROOT = iphoneos;
				SWIFT_ACTIVE_COMPILATION_CONDITIONS = DEBUG;
				SWIFT_OPTIMIZATION_LEVEL = "-Onone";
			};
			name = Debug;
		};
		8737C84D282660AC0022F154 /* Release */ = {
			isa = XCBuildConfiguration;
			buildSettings = {
				ALWAYS_SEARCH_USER_PATHS = NO;
				CLANG_ANALYZER_NONNULL = YES;
				CLANG_ANALYZER_NUMBER_OBJECT_CONVERSION = YES_AGGRESSIVE;
				CLANG_CXX_LANGUAGE_STANDARD = "gnu++17";
				CLANG_ENABLE_MODULES = YES;
				CLANG_ENABLE_OBJC_ARC = YES;
				CLANG_ENABLE_OBJC_WEAK = YES;
				CLANG_WARN_BLOCK_CAPTURE_AUTORELEASING = YES;
				CLANG_WARN_BOOL_CONVERSION = YES;
				CLANG_WARN_COMMA = YES;
				CLANG_WARN_CONSTANT_CONVERSION = YES;
				CLANG_WARN_DEPRECATED_OBJC_IMPLEMENTATIONS = YES;
				CLANG_WARN_DIRECT_OBJC_ISA_USAGE = YES_ERROR;
				CLANG_WARN_DOCUMENTATION_COMMENTS = YES;
				CLANG_WARN_EMPTY_BODY = YES;
				CLANG_WARN_ENUM_CONVERSION = YES;
				CLANG_WARN_INFINITE_RECURSION = YES;
				CLANG_WARN_INT_CONVERSION = YES;
				CLANG_WARN_NON_LITERAL_NULL_CONVERSION = YES;
				CLANG_WARN_OBJC_IMPLICIT_RETAIN_SELF = YES;
				CLANG_WARN_OBJC_LITERAL_CONVERSION = YES;
				CLANG_WARN_OBJC_ROOT_CLASS = YES_ERROR;
				CLANG_WARN_QUOTED_INCLUDE_IN_FRAMEWORK_HEADER = YES;
				CLANG_WARN_RANGE_LOOP_ANALYSIS = YES;
				CLANG_WARN_STRICT_PROTOTYPES = YES;
				CLANG_WARN_SUSPICIOUS_MOVE = YES;
				CLANG_WARN_UNGUARDED_AVAILABILITY = YES_AGGRESSIVE;
				CLANG_WARN_UNREACHABLE_CODE = YES;
				CLANG_WARN__DUPLICATE_METHOD_MATCH = YES;
				COPY_PHASE_STRIP = NO;
				DEBUG_INFORMATION_FORMAT = "dwarf-with-dsym";
				ENABLE_NS_ASSERTIONS = NO;
				ENABLE_STRICT_OBJC_MSGSEND = YES;
				GCC_C_LANGUAGE_STANDARD = gnu11;
				GCC_NO_COMMON_BLOCKS = YES;
				GCC_WARN_64_TO_32_BIT_CONVERSION = YES;
				GCC_WARN_ABOUT_RETURN_TYPE = YES_ERROR;
				GCC_WARN_UNDECLARED_SELECTOR = YES;
				GCC_WARN_UNINITIALIZED_AUTOS = YES_AGGRESSIVE;
				GCC_WARN_UNUSED_FUNCTION = YES;
				GCC_WARN_UNUSED_VARIABLE = YES;
				IPHONEOS_DEPLOYMENT_TARGET = 15.4;
				MTL_ENABLE_DEBUG_INFO = NO;
				MTL_FAST_MATH = YES;
				SDKROOT = iphoneos;
				SWIFT_COMPILATION_MODE = wholemodule;
				SWIFT_OPTIMIZATION_LEVEL = "-O";
				VALIDATE_PRODUCT = YES;
			};
			name = Release;
		};
		8737C84F282660AC0022F154 /* Debug */ = {
			isa = XCBuildConfiguration;
			buildSettings = {
				ASSETCATALOG_COMPILER_APPICON_NAME = AppIcon;
				ASSETCATALOG_COMPILER_GLOBAL_ACCENT_COLOR_NAME = AccentColor;
				CODE_SIGN_STYLE = Automatic;
				CURRENT_PROJECT_VERSION = 1;
				DEVELOPMENT_TEAM = F76RBF7M5V;
				GENERATE_INFOPLIST_FILE = YES;
				INFOPLIST_FILE = stepCount/Info.plist;
				INFOPLIST_KEY_NSMotionUsageDescription = "We are using motion usage in order to track your step count.";
				INFOPLIST_KEY_UIApplicationSupportsIndirectInputEvents = YES;
				INFOPLIST_KEY_UILaunchStoryboardName = LaunchScreen;
				INFOPLIST_KEY_UIMainStoryboardFile = Main;
				INFOPLIST_KEY_UISupportedInterfaceOrientations = UIInterfaceOrientationPortrait;
				INFOPLIST_KEY_UISupportedInterfaceOrientations_iPad = "UIInterfaceOrientationPortrait UIInterfaceOrientationPortraitUpsideDown UIInterfaceOrientationLandscapeLeft UIInterfaceOrientationLandscapeRight";
				INFOPLIST_KEY_UISupportedInterfaceOrientations_iPhone = UIInterfaceOrientationPortrait;
				LD_RUNPATH_SEARCH_PATHS = (
					"$(inherited)",
					"@executable_path/Frameworks",
				);
				MARKETING_VERSION = 1.0;
				PRODUCT_BUNDLE_IDENTIFIER = com.umutcorut.stepCount;
				PRODUCT_NAME = "$(TARGET_NAME)";
				SWIFT_EMIT_LOC_STRINGS = YES;
				SWIFT_VERSION = 5.0;
				TARGETED_DEVICE_FAMILY = 1;
			};
			name = Debug;
		};
		8737C850282660AC0022F154 /* Release */ = {
			isa = XCBuildConfiguration;
			buildSettings = {
				ASSETCATALOG_COMPILER_APPICON_NAME = AppIcon;
				ASSETCATALOG_COMPILER_GLOBAL_ACCENT_COLOR_NAME = AccentColor;
				CODE_SIGN_STYLE = Automatic;
				CURRENT_PROJECT_VERSION = 1;
				DEVELOPMENT_TEAM = F76RBF7M5V;
				GENERATE_INFOPLIST_FILE = YES;
				INFOPLIST_FILE = stepCount/Info.plist;
				INFOPLIST_KEY_NSMotionUsageDescription = "We are using motion usage in order to track your step count.";
				INFOPLIST_KEY_UIApplicationSupportsIndirectInputEvents = YES;
				INFOPLIST_KEY_UILaunchStoryboardName = LaunchScreen;
				INFOPLIST_KEY_UIMainStoryboardFile = Main;
				INFOPLIST_KEY_UISupportedInterfaceOrientations = UIInterfaceOrientationPortrait;
				INFOPLIST_KEY_UISupportedInterfaceOrientations_iPad = "UIInterfaceOrientationPortrait UIInterfaceOrientationPortraitUpsideDown UIInterfaceOrientationLandscapeLeft UIInterfaceOrientationLandscapeRight";
				INFOPLIST_KEY_UISupportedInterfaceOrientations_iPhone = UIInterfaceOrientationPortrait;
				LD_RUNPATH_SEARCH_PATHS = (
					"$(inherited)",
					"@executable_path/Frameworks",
				);
				MARKETING_VERSION = 1.0;
				PRODUCT_BUNDLE_IDENTIFIER = com.umutcorut.stepCount;
				PRODUCT_NAME = "$(TARGET_NAME)";
				SWIFT_EMIT_LOC_STRINGS = YES;
				SWIFT_VERSION = 5.0;
				TARGETED_DEVICE_FAMILY = 1;
			};
			name = Release;
		};
		8737C852282660AC0022F154 /* Debug */ = {
			isa = XCBuildConfiguration;
			buildSettings = {
				ALWAYS_EMBED_SWIFT_STANDARD_LIBRARIES = YES;
				BUNDLE_LOADER = "$(TEST_HOST)";
				CODE_SIGN_STYLE = Automatic;
				CURRENT_PROJECT_VERSION = 1;
				DEVELOPMENT_TEAM = F76RBF7M5V;
				GENERATE_INFOPLIST_FILE = YES;
				IPHONEOS_DEPLOYMENT_TARGET = 15.4;
				MARKETING_VERSION = 1.0;
				PRODUCT_BUNDLE_IDENTIFIER = com.umutcorut.stepCountTests;
				PRODUCT_NAME = "$(TARGET_NAME)";
				SWIFT_EMIT_LOC_STRINGS = NO;
				SWIFT_VERSION = 5.0;
				TARGETED_DEVICE_FAMILY = "1,2";
				TEST_HOST = "$(BUILT_PRODUCTS_DIR)/stepCount.app/stepCount";
			};
			name = Debug;
		};
		8737C853282660AC0022F154 /* Release */ = {
			isa = XCBuildConfiguration;
			buildSettings = {
				ALWAYS_EMBED_SWIFT_STANDARD_LIBRARIES = YES;
				BUNDLE_LOADER = "$(TEST_HOST)";
				CODE_SIGN_STYLE = Automatic;
				CURRENT_PROJECT_VERSION = 1;
				DEVELOPMENT_TEAM = F76RBF7M5V;
				GENERATE_INFOPLIST_FILE = YES;
				IPHONEOS_DEPLOYMENT_TARGET = 15.4;
				MARKETING_VERSION = 1.0;
				PRODUCT_BUNDLE_IDENTIFIER = com.umutcorut.stepCountTests;
				PRODUCT_NAME = "$(TARGET_NAME)";
				SWIFT_EMIT_LOC_STRINGS = NO;
				SWIFT_VERSION = 5.0;
				TARGETED_DEVICE_FAMILY = "1,2";
				TEST_HOST = "$(BUILT_PRODUCTS_DIR)/stepCount.app/stepCount";
			};
			name = Release;
		};
		8737C855282660AC0022F154 /* Debug */ = {
			isa = XCBuildConfiguration;
			buildSettings = {
				ALWAYS_EMBED_SWIFT_STANDARD_LIBRARIES = YES;
				CODE_SIGN_STYLE = Automatic;
				CURRENT_PROJECT_VERSION = 1;
				DEVELOPMENT_TEAM = F76RBF7M5V;
				GENERATE_INFOPLIST_FILE = YES;
				MARKETING_VERSION = 1.0;
				PRODUCT_BUNDLE_IDENTIFIER = com.umutcorut.stepCountUITests;
				PRODUCT_NAME = "$(TARGET_NAME)";
				SWIFT_EMIT_LOC_STRINGS = NO;
				SWIFT_VERSION = 5.0;
				TARGETED_DEVICE_FAMILY = "1,2";
				TEST_TARGET_NAME = stepCount;
			};
			name = Debug;
		};
		8737C856282660AC0022F154 /* Release */ = {
			isa = XCBuildConfiguration;
			buildSettings = {
				ALWAYS_EMBED_SWIFT_STANDARD_LIBRARIES = YES;
				CODE_SIGN_STYLE = Automatic;
				CURRENT_PROJECT_VERSION = 1;
				DEVELOPMENT_TEAM = F76RBF7M5V;
				GENERATE_INFOPLIST_FILE = YES;
				MARKETING_VERSION = 1.0;
				PRODUCT_BUNDLE_IDENTIFIER = com.umutcorut.stepCountUITests;
				PRODUCT_NAME = "$(TARGET_NAME)";
				SWIFT_EMIT_LOC_STRINGS = NO;
				SWIFT_VERSION = 5.0;
				TARGETED_DEVICE_FAMILY = "1,2";
				TEST_TARGET_NAME = stepCount;
			};
			name = Release;
		};
/* End XCBuildConfiguration section */

/* Begin XCConfigurationList section */
		8737C81F282660AA0022F154 /* Build configuration list for PBXProject "stepCount" */ = {
			isa = XCConfigurationList;
			buildConfigurations = (
				8737C84C282660AC0022F154 /* Debug */,
				8737C84D282660AC0022F154 /* Release */,
			);
			defaultConfigurationIsVisible = 0;
			defaultConfigurationName = Release;
		};
		8737C84E282660AC0022F154 /* Build configuration list for PBXNativeTarget "stepCount" */ = {
			isa = XCConfigurationList;
			buildConfigurations = (
				8737C84F282660AC0022F154 /* Debug */,
				8737C850282660AC0022F154 /* Release */,
			);
			defaultConfigurationIsVisible = 0;
			defaultConfigurationName = Release;
		};
		8737C851282660AC0022F154 /* Build configuration list for PBXNativeTarget "stepCountTests" */ = {
			isa = XCConfigurationList;
			buildConfigurations = (
				8737C852282660AC0022F154 /* Debug */,
				8737C853282660AC0022F154 /* Release */,
			);
			defaultConfigurationIsVisible = 0;
			defaultConfigurationName = Release;
		};
		8737C854282660AC0022F154 /* Build configuration list for PBXNativeTarget "stepCountUITests" */ = {
			isa = XCConfigurationList;
			buildConfigurations = (
				8737C855282660AC0022F154 /* Debug */,
				8737C856282660AC0022F154 /* Release */,
			);
			defaultConfigurationIsVisible = 0;
			defaultConfigurationName = Release;
		};
/* End XCConfigurationList section */
	};
	rootObject = 8737C81C282660AA0022F154 /* Project object */;
}
